
Microsoft Visual Studio Solution File, Format Version 12.00
# Visual Studio Version 17
VisualStudioVersion = 17.11.35222.181
MinimumVisualStudioVersion = 10.0.40219.1
Project("{FAE04EC0-301F-11D3-BF4B-00C04F79EFBC}") = "05.05.25Homework.Web", "05.05.25Homework.Web\05.05.25Homework.Web.csproj", "{FE3038B5-6BB0-4D8A-B873-A16D38B82909}"
EndProject
Project("{FAE04EC0-301F-11D3-BF4B-00C04F79EFBC}") = "05.05.25Homework.Data", "05.05.25Homework.Data\05.05.25Homework.Data.csproj", "{1D73E1EA-FDDD-4CBB-9C13-896D9901E107}"
EndProject
Global
	GlobalSection(SolutionConfigurationPlatforms) = preSolution
		Debug|Any CPU = Debug|Any CPU
		Release|Any CPU = Release|Any CPU
	EndGlobalSection
	GlobalSection(ProjectConfigurationPlatforms) = postSolution
		{FE3038B5-6BB0-4D8A-B873-A16D38B82909}.Debug|Any CPU.ActiveCfg = Debug|Any CPU
		{FE3038B5-6BB0-4D8A-B873-A16D38B82909}.Debug|Any CPU.Build.0 = Debug|Any CPU
		{FE3038B5-6BB0-4D8A-B873-A16D38B82909}.Release|Any CPU.ActiveCfg = Release|Any CPU
		{FE3038B5-6BB0-4D8A-B873-A16D38B82909}.Release|Any CPU.Build.0 = Release|Any CPU
		{1D73E1EA-FDDD-4CBB-9C13-896D9901E107}.Debug|Any CPU.ActiveCfg = Debug|Any CPU
		{1D73E1EA-FDDD-4CBB-9C13-896D9901E107}.Debug|Any CPU.Build.0 = Debug|Any CPU
		{1D73E1EA-FDDD-4CBB-9C13-896D9901E107}.Release|Any CPU.ActiveCfg = Release|Any CPU
		{1D73E1EA-FDDD-4CBB-9C13-896D9901E107}.Release|Any CPU.Build.0 = Release|Any CPU
	EndGlobalSection
	GlobalSection(SolutionProperties) = preSolution
		HideSolutionNode = FALSE
	EndGlobalSection
	GlobalSection(ExtensibilityGlobals) = postSolution
		SolutionGuid = {DCC3EA2E-7A9A-453C-906F-6EF1D3E5D5CD}
	EndGlobalSection
EndGlobal
